
Microsoft Visual Studio Solution File, Format Version 12.00
# Visual Studio Version 17
VisualStudioVersion = 17.9.34728.123
MinimumVisualStudioVersion = 10.0.40219.1
Project("{2150E333-8FDC-42A3-9474-1A3956D46DE8}") = "Services", "Services", "{9D0B5981-05AE-4EE8-BFF4-C81272C2006C}"
EndProject
Project("{2150E333-8FDC-42A3-9474-1A3956D46DE8}") = "Catalog", "Catalog", "{7954012F-F3D3-4589-9D64-BCE75FB96489}"
EndProject
Project("{9A19103F-16F7-4668-BE54-9A1E7A4F7556}") = "Catalog.API", "Services\Catalog\Catalog.API\Catalog.API.csproj", "{D8AF62F4-5C21-4393-9EA0-985C11C80741}"
EndProject
Project("{2150E333-8FDC-42A3-9474-1A3956D46DE8}") = "BuildingBlocks", "BuildingBlocks", "{F0B00A4A-7262-4394-87A7-3176BC03146C}"
EndProject
Project("{9A19103F-16F7-4668-BE54-9A1E7A4F7556}") = "BuildingBlocks", "BuildingBlocks\BuildingBlocks\BuildingBlocks.csproj", "{08B6DA9A-E81D-4BFC-9BB0-15A8597D64B1}"
EndProject
Project("{2150E333-8FDC-42A3-9474-1A3956D46DE8}") = "Discount", "Discount", "{B5C412E4-87A7-4B2E-B399-D3811435DC0C}"
EndProject
Project("{9A19103F-16F7-4668-BE54-9A1E7A4F7556}") = "BuildingBlocks.Messaging", "BuildingBlocks\BuildingBlocks.Messaging\BuildingBlocks.Messaging.csproj", "{1D336B05-B12F-4CE5-B378-B6F3311AEC84}"
EndProject
Project("{2150E333-8FDC-42A3-9474-1A3956D46DE8}") = "Basket", "Basket", "{11946A5C-DFAE-4444-8417-7FCAE37E5EBA}"
EndProject
Project("{2150E333-8FDC-42A3-9474-1A3956D46DE8}") = "Ordering", "Ordering", "{5E38DBB4-8D55-4542-85C6-E538922CA62C}"
EndProject
Project("{9A19103F-16F7-4668-BE54-9A1E7A4F7556}") = "Discount.Grpc", "Services\Discount\Discount.Grpc\Discount.Grpc.csproj", "{068ABEC3-2041-4173-867A-DF1090005A29}"
EndProject
Project("{2150E333-8FDC-42A3-9474-1A3956D46DE8}") = "Auth", "Auth", "{FD78308A-15E9-49FB-BE64-0F6BCEBAC02A}"
EndProject
Project("{2150E333-8FDC-42A3-9474-1A3956D46DE8}") = "Upload", "Upload", "{33D86960-1D96-47AC-8530-BE02082A1497}"
EndProject
Project("{9A19103F-16F7-4668-BE54-9A1E7A4F7556}") = "Basket.API", "Services\Basket\Basket.API\Basket.API.csproj", "{31411028-88F0-42ED-9F47-6F869A9981B3}"
EndProject
Project("{9A19103F-16F7-4668-BE54-9A1E7A4F7556}") = "Ordering.API", "Services\Ordering\Ordering.API\Ordering.API.csproj", "{64DB2522-7850-4603-B224-8B72DABA4A76}"
EndProject
Project("{9A19103F-16F7-4668-BE54-9A1E7A4F7556}") = "Ordering.Application", "Services\Ordering\Ordering.Application\Ordering.Application.csproj", "{3CAD81A5-262E-4197-9FC9-E8864DE7DB7D}"
EndProject
Project("{9A19103F-16F7-4668-BE54-9A1E7A4F7556}") = "Ordering.Domain", "Services\Ordering\Ordering.Domain\Ordering.Domain.csproj", "{81E6D089-C2A0-42DF-BCF4-8C515007E603}"
EndProject
Project("{9A19103F-16F7-4668-BE54-9A1E7A4F7556}") = "Ordering.Infrastructure", "Services\Ordering\Ordering.Infrastructure\Ordering.Infrastructure.csproj", "{B4AC77F3-9BE0-45AA-AB21-C763322B1A89}"
EndProject
Project("{FAE04EC0-301F-11D3-BF4B-00C04F79EFBC}") = "Auth.Domain", "Services\Auth\Auth.Domain\Auth.Domain.csproj", "{62FC9F9F-596A-4736-92DC-9D1DEB365CC1}"
EndProject
Project("{FAE04EC0-301F-11D3-BF4B-00C04F79EFBC}") = "Auth.Application", "Services\Auth\Auth.Application\Auth.Application.csproj", "{EC2CEA6B-7E4B-410B-A082-224A2A2449CA}"
EndProject
Project("{FAE04EC0-301F-11D3-BF4B-00C04F79EFBC}") = "Auth.Infrastructure", "Services\Auth\Auth.Infrastructure\Auth.Infrastructure.csproj", "{B9138758-2BFD-4B97-BA6C-BDF4B8EB9DBD}"
EndProject
Project("{FAE04EC0-301F-11D3-BF4B-00C04F79EFBC}") = "Auth.API", "Services\Auth\Auth.API\Auth.API.csproj", "{4D5947F7-3AB5-4E57-8503-AA43341ACD62}"
EndProject
Project("{2150E333-8FDC-42A3-9474-1A3956D46DE8}") = "ApiGateways", "ApiGateways", "{B6DDF8A6-695D-4718-9065-EC6CC243C7F7}"
EndProject
Project("{FAE04EC0-301F-11D3-BF4B-00C04F79EFBC}") = "YarpApiGateway", "ApiGateways\YarpApiGateway\YarpApiGateway.csproj", "{A90F33E1-6126-4FB6-A157-F76FD63E3F05}"
EndProject
Project("{2150E333-8FDC-42A3-9474-1A3956D46DE8}") = "App", "App", "{648F53DC-3A2B-4783-8F15-D15CB8F3AADA}"
EndProject
Project("{2150E333-8FDC-42A3-9474-1A3956D46DE8}") = "Mail", "Mail", "{3B7FE28D-00E2-4300-9718-C54255F0547E}"
EndProject
Project("{FAE04EC0-301F-11D3-BF4B-00C04F79EFBC}") = "Upload.API", "Services\Upload\Upload.API\Upload.API.csproj", "{9FA307F4-4705-4151-BE20-EC7CDE3FAA0C}"
EndProject
Project("{FAE04EC0-301F-11D3-BF4B-00C04F79EFBC}") = "Mail.API", "Services\Mail\Mail.API\Mail.API.csproj", "{983CA5EA-E86B-401C-8078-79DF98CA3329}"
EndProject
Project("{2150E333-8FDC-42A3-9474-1A3956D46DE8}") = "Inventory", "Inventory", "{8477A3B1-623C-4D7A-98FC-BBE8F3852904}"
EndProject
Project("{FAE04EC0-301F-11D3-BF4B-00C04F79EFBC}") = "Inventory.API", "Services\Inventory\Inventory.API\Inventory.API.csproj", "{91275065-760A-488B-B399-567A90BD25A5}"
EndProject
Project("{FAE04EC0-301F-11D3-BF4B-00C04F79EFBC}") = "Inventory.Domain", "Services\Inventory\Inventory.Domain\Inventory.Domain.csproj", "{0AF66999-12DA-4B3A-91FD-A0D24E989BF9}"
EndProject
Project("{FAE04EC0-301F-11D3-BF4B-00C04F79EFBC}") = "Inventory.Application", "Services\Inventory\Inventory.Application\Inventory.Application.csproj", "{D10B8B8E-B79D-4D3A-ABB8-3C9B5D650D92}"
EndProject
Project("{FAE04EC0-301F-11D3-BF4B-00C04F79EFBC}") = "Inventory.Infrastructure", "Services\Inventory\Inventory.Infrastructure\Inventory.Infrastructure.csproj", "{4CB01417-FCB0-48C6-8F2A-82F21F0B6088}"
EndProject
Project("{2150E333-8FDC-42A3-9474-1A3956D46DE8}") = "Tests", "Tests", "{91DCFCC3-7320-419E-BA32-504B9862158C}"
EndProject
Project("{2150E333-8FDC-42A3-9474-1A3956D46DE8}") = "Notifications", "Notifications", "{6C43BE30-20DB-4607-BDAC-8CFD72F78AD1}"
EndProject
Project("{FAE04EC0-301F-11D3-BF4B-00C04F79EFBC}") = "Notifications.Domain", "Services\Notifications\Notifications.Domain\Notifications.Domain.csproj", "{396DD0D4-CD87-4EDF-90D6-43A47D831DFD}"
EndProject
Project("{FAE04EC0-301F-11D3-BF4B-00C04F79EFBC}") = "Notifications.Application", "Services\Notifications\Notifications.Application\Notifications.Application.csproj", "{143E3FB5-7995-48B5-B1C8-C367CC2CE606}"
EndProject
Project("{FAE04EC0-301F-11D3-BF4B-00C04F79EFBC}") = "Notifications.Infrastructure", "Services\Notifications\Notifications.Infrastructure\Notifications.Infrastructure.csproj", "{403023E1-3012-4FB5-8BDB-FF564420EE71}"
EndProject
Project("{FAE04EC0-301F-11D3-BF4B-00C04F79EFBC}") = "Notifications.API", "Services\Notifications\Notifications.API\Notifications.API.csproj", "{7EC36927-E561-4F74-B5A8-09D5DED6571E}"
EndProject
Project("{2150E333-8FDC-42A3-9474-1A3956D46DE8}") = "Infrastructure", "Infrastructure", "{0B1B51B9-F7D9-49A5-87B5-ACE865FCBE35}"
EndProject
Project("{2150E333-8FDC-42A3-9474-1A3956D46DE8}") = "Solution Items", "Solution Items", "{EB897C82-FCA5-44CB-8AA3-A279DB0A6C93}"
EndProject
Project("{2150E333-8FDC-42A3-9474-1A3956D46DE8}") = "Search", "Search", "{09B15942-1050-4106-8FF4-1ADDF0AB8847}"
EndProject
Project("{FAE04EC0-301F-11D3-BF4B-00C04F79EFBC}") = "Search.API", "Services\Search.API\Search.API.csproj", "{6023DF02-02FA-49A5-87F1-B4B7FEFA47FC}"
EndProject
Global
	GlobalSection(SolutionConfigurationPlatforms) = preSolution
		Debug|Any CPU = Debug|Any CPU
		Release|Any CPU = Release|Any CPU
	EndGlobalSection
	GlobalSection(ProjectConfigurationPlatforms) = postSolution
		{D8AF62F4-5C21-4393-9EA0-985C11C80741}.Debug|Any CPU.ActiveCfg = Debug|Any CPU
		{D8AF62F4-5C21-4393-9EA0-985C11C80741}.Debug|Any CPU.Build.0 = Debug|Any CPU
		{D8AF62F4-5C21-4393-9EA0-985C11C80741}.Release|Any CPU.ActiveCfg = Release|Any CPU
		{D8AF62F4-5C21-4393-9EA0-985C11C80741}.Release|Any CPU.Build.0 = Release|Any CPU
		{08B6DA9A-E81D-4BFC-9BB0-15A8597D64B1}.Debug|Any CPU.ActiveCfg = Debug|Any CPU
		{08B6DA9A-E81D-4BFC-9BB0-15A8597D64B1}.Debug|Any CPU.Build.0 = Debug|Any CPU
		{08B6DA9A-E81D-4BFC-9BB0-15A8597D64B1}.Release|Any CPU.ActiveCfg = Release|Any CPU
		{08B6DA9A-E81D-4BFC-9BB0-15A8597D64B1}.Release|Any CPU.Build.0 = Release|Any CPU
		{1D336B05-B12F-4CE5-B378-B6F3311AEC84}.Debug|Any CPU.ActiveCfg = Debug|Any CPU
		{1D336B05-B12F-4CE5-B378-B6F3311AEC84}.Debug|Any CPU.Build.0 = Debug|Any CPU
		{1D336B05-B12F-4CE5-B378-B6F3311AEC84}.Release|Any CPU.ActiveCfg = Release|Any CPU
		{1D336B05-B12F-4CE5-B378-B6F3311AEC84}.Release|Any CPU.Build.0 = Release|Any CPU
		{068ABEC3-2041-4173-867A-DF1090005A29}.Debug|Any CPU.ActiveCfg = Debug|Any CPU
		{068ABEC3-2041-4173-867A-DF1090005A29}.Debug|Any CPU.Build.0 = Debug|Any CPU
		{068ABEC3-2041-4173-867A-DF1090005A29}.Release|Any CPU.ActiveCfg = Release|Any CPU
		{068ABEC3-2041-4173-867A-DF1090005A29}.Release|Any CPU.Build.0 = Release|Any CPU
		{31411028-88F0-42ED-9F47-6F869A9981B3}.Debug|Any CPU.ActiveCfg = Debug|Any CPU
		{31411028-88F0-42ED-9F47-6F869A9981B3}.Debug|Any CPU.Build.0 = Debug|Any CPU
		{31411028-88F0-42ED-9F47-6F869A9981B3}.Release|Any CPU.ActiveCfg = Release|Any CPU
		{31411028-88F0-42ED-9F47-6F869A9981B3}.Release|Any CPU.Build.0 = Release|Any CPU
		{64DB2522-7850-4603-B224-8B72DABA4A76}.Debug|Any CPU.ActiveCfg = Debug|Any CPU
		{64DB2522-7850-4603-B224-8B72DABA4A76}.Debug|Any CPU.Build.0 = Debug|Any CPU
		{64DB2522-7850-4603-B224-8B72DABA4A76}.Release|Any CPU.ActiveCfg = Release|Any CPU
		{64DB2522-7850-4603-B224-8B72DABA4A76}.Release|Any CPU.Build.0 = Release|Any CPU
		{3CAD81A5-262E-4197-9FC9-E8864DE7DB7D}.Debug|Any CPU.ActiveCfg = Debug|Any CPU
		{3CAD81A5-262E-4197-9FC9-E8864DE7DB7D}.Debug|Any CPU.Build.0 = Debug|Any CPU
		{3CAD81A5-262E-4197-9FC9-E8864DE7DB7D}.Release|Any CPU.ActiveCfg = Release|Any CPU
		{3CAD81A5-262E-4197-9FC9-E8864DE7DB7D}.Release|Any CPU.Build.0 = Release|Any CPU
		{81E6D089-C2A0-42DF-BCF4-8C515007E603}.Debug|Any CPU.ActiveCfg = Debug|Any CPU
		{81E6D089-C2A0-42DF-BCF4-8C515007E603}.Debug|Any CPU.Build.0 = Debug|Any CPU
		{81E6D089-C2A0-42DF-BCF4-8C515007E603}.Release|Any CPU.ActiveCfg = Release|Any CPU
		{81E6D089-C2A0-42DF-BCF4-8C515007E603}.Release|Any CPU.Build.0 = Release|Any CPU
		{B4AC77F3-9BE0-45AA-AB21-C763322B1A89}.Debug|Any CPU.ActiveCfg = Debug|Any CPU
		{B4AC77F3-9BE0-45AA-AB21-C763322B1A89}.Debug|Any CPU.Build.0 = Debug|Any CPU
		{B4AC77F3-9BE0-45AA-AB21-C763322B1A89}.Release|Any CPU.ActiveCfg = Release|Any CPU
		{B4AC77F3-9BE0-45AA-AB21-C763322B1A89}.Release|Any CPU.Build.0 = Release|Any CPU
		{62FC9F9F-596A-4736-92DC-9D1DEB365CC1}.Debug|Any CPU.ActiveCfg = Debug|Any CPU
		{62FC9F9F-596A-4736-92DC-9D1DEB365CC1}.Debug|Any CPU.Build.0 = Debug|Any CPU
		{62FC9F9F-596A-4736-92DC-9D1DEB365CC1}.Release|Any CPU.ActiveCfg = Release|Any CPU
		{62FC9F9F-596A-4736-92DC-9D1DEB365CC1}.Release|Any CPU.Build.0 = Release|Any CPU
		{EC2CEA6B-7E4B-410B-A082-224A2A2449CA}.Debug|Any CPU.ActiveCfg = Debug|Any CPU
		{EC2CEA6B-7E4B-410B-A082-224A2A2449CA}.Debug|Any CPU.Build.0 = Debug|Any CPU
		{EC2CEA6B-7E4B-410B-A082-224A2A2449CA}.Release|Any CPU.ActiveCfg = Release|Any CPU
		{EC2CEA6B-7E4B-410B-A082-224A2A2449CA}.Release|Any CPU.Build.0 = Release|Any CPU
		{B9138758-2BFD-4B97-BA6C-BDF4B8EB9DBD}.Debug|Any CPU.ActiveCfg = Debug|Any CPU
		{B9138758-2BFD-4B97-BA6C-BDF4B8EB9DBD}.Debug|Any CPU.Build.0 = Debug|Any CPU
		{B9138758-2BFD-4B97-BA6C-BDF4B8EB9DBD}.Release|Any CPU.ActiveCfg = Release|Any CPU
		{B9138758-2BFD-4B97-BA6C-BDF4B8EB9DBD}.Release|Any CPU.Build.0 = Release|Any CPU
		{4D5947F7-3AB5-4E57-8503-AA43341ACD62}.Debug|Any CPU.ActiveCfg = Debug|Any CPU
		{4D5947F7-3AB5-4E57-8503-AA43341ACD62}.Debug|Any CPU.Build.0 = Debug|Any CPU
		{4D5947F7-3AB5-4E57-8503-AA43341ACD62}.Release|Any CPU.ActiveCfg = Release|Any CPU
		{4D5947F7-3AB5-4E57-8503-AA43341ACD62}.Release|Any CPU.Build.0 = Release|Any CPU
		{A90F33E1-6126-4FB6-A157-F76FD63E3F05}.Debug|Any CPU.ActiveCfg = Debug|Any CPU
		{A90F33E1-6126-4FB6-A157-F76FD63E3F05}.Debug|Any CPU.Build.0 = Debug|Any CPU
		{A90F33E1-6126-4FB6-A157-F76FD63E3F05}.Release|Any CPU.ActiveCfg = Release|Any CPU
		{A90F33E1-6126-4FB6-A157-F76FD63E3F05}.Release|Any CPU.Build.0 = Release|Any CPU
		{9FA307F4-4705-4151-BE20-EC7CDE3FAA0C}.Debug|Any CPU.ActiveCfg = Debug|Any CPU
		{9FA307F4-4705-4151-BE20-EC7CDE3FAA0C}.Debug|Any CPU.Build.0 = Debug|Any CPU
		{9FA307F4-4705-4151-BE20-EC7CDE3FAA0C}.Release|Any CPU.ActiveCfg = Release|Any CPU
		{9FA307F4-4705-4151-BE20-EC7CDE3FAA0C}.Release|Any CPU.Build.0 = Release|Any CPU
		{983CA5EA-E86B-401C-8078-79DF98CA3329}.Debug|Any CPU.ActiveCfg = Debug|Any CPU
		{983CA5EA-E86B-401C-8078-79DF98CA3329}.Debug|Any CPU.Build.0 = Debug|Any CPU
		{983CA5EA-E86B-401C-8078-79DF98CA3329}.Release|Any CPU.ActiveCfg = Release|Any CPU
		{983CA5EA-E86B-401C-8078-79DF98CA3329}.Release|Any CPU.Build.0 = Release|Any CPU
		{91275065-760A-488B-B399-567A90BD25A5}.Debug|Any CPU.ActiveCfg = Debug|Any CPU
		{91275065-760A-488B-B399-567A90BD25A5}.Debug|Any CPU.Build.0 = Debug|Any CPU
		{91275065-760A-488B-B399-567A90BD25A5}.Release|Any CPU.ActiveCfg = Release|Any CPU
		{91275065-760A-488B-B399-567A90BD25A5}.Release|Any CPU.Build.0 = Release|Any CPU
		{0AF66999-12DA-4B3A-91FD-A0D24E989BF9}.Debug|Any CPU.ActiveCfg = Debug|Any CPU
		{0AF66999-12DA-4B3A-91FD-A0D24E989BF9}.Debug|Any CPU.Build.0 = Debug|Any CPU
		{0AF66999-12DA-4B3A-91FD-A0D24E989BF9}.Release|Any CPU.ActiveCfg = Release|Any CPU
		{0AF66999-12DA-4B3A-91FD-A0D24E989BF9}.Release|Any CPU.Build.0 = Release|Any CPU
		{D10B8B8E-B79D-4D3A-ABB8-3C9B5D650D92}.Debug|Any CPU.ActiveCfg = Debug|Any CPU
		{D10B8B8E-B79D-4D3A-ABB8-3C9B5D650D92}.Debug|Any CPU.Build.0 = Debug|Any CPU
		{D10B8B8E-B79D-4D3A-ABB8-3C9B5D650D92}.Release|Any CPU.ActiveCfg = Release|Any CPU
		{D10B8B8E-B79D-4D3A-ABB8-3C9B5D650D92}.Release|Any CPU.Build.0 = Release|Any CPU
		{4CB01417-FCB0-48C6-8F2A-82F21F0B6088}.Debug|Any CPU.ActiveCfg = Debug|Any CPU
		{4CB01417-FCB0-48C6-8F2A-82F21F0B6088}.Debug|Any CPU.Build.0 = Debug|Any CPU
		{4CB01417-FCB0-48C6-8F2A-82F21F0B6088}.Release|Any CPU.ActiveCfg = Release|Any CPU
		{4CB01417-FCB0-48C6-8F2A-82F21F0B6088}.Release|Any CPU.Build.0 = Release|Any CPU
		{396DD0D4-CD87-4EDF-90D6-43A47D831DFD}.Debug|Any CPU.ActiveCfg = Debug|Any CPU
		{396DD0D4-CD87-4EDF-90D6-43A47D831DFD}.Debug|Any CPU.Build.0 = Debug|Any CPU
		{396DD0D4-CD87-4EDF-90D6-43A47D831DFD}.Release|Any CPU.ActiveCfg = Release|Any CPU
		{396DD0D4-CD87-4EDF-90D6-43A47D831DFD}.Release|Any CPU.Build.0 = Release|Any CPU
		{143E3FB5-7995-48B5-B1C8-C367CC2CE606}.Debug|Any CPU.ActiveCfg = Debug|Any CPU
		{143E3FB5-7995-48B5-B1C8-C367CC2CE606}.Debug|Any CPU.Build.0 = Debug|Any CPU
		{143E3FB5-7995-48B5-B1C8-C367CC2CE606}.Release|Any CPU.ActiveCfg = Release|Any CPU
		{143E3FB5-7995-48B5-B1C8-C367CC2CE606}.Release|Any CPU.Build.0 = Release|Any CPU
		{403023E1-3012-4FB5-8BDB-FF564420EE71}.Debug|Any CPU.ActiveCfg = Debug|Any CPU
		{403023E1-3012-4FB5-8BDB-FF564420EE71}.Debug|Any CPU.Build.0 = Debug|Any CPU
		{403023E1-3012-4FB5-8BDB-FF564420EE71}.Release|Any CPU.ActiveCfg = Release|Any CPU
		{403023E1-3012-4FB5-8BDB-FF564420EE71}.Release|Any CPU.Build.0 = Release|Any CPU
		{7EC36927-E561-4F74-B5A8-09D5DED6571E}.Debug|Any CPU.ActiveCfg = Debug|Any CPU
		{7EC36927-E561-4F74-B5A8-09D5DED6571E}.Debug|Any CPU.Build.0 = Debug|Any CPU
		{7EC36927-E561-4F74-B5A8-09D5DED6571E}.Release|Any CPU.ActiveCfg = Release|Any CPU
		{7EC36927-E561-4F74-B5A8-09D5DED6571E}.Release|Any CPU.Build.0 = Release|Any CPU
		{6023DF02-02FA-49A5-87F1-B4B7FEFA47FC}.Debug|Any CPU.ActiveCfg = Debug|Any CPU
		{6023DF02-02FA-49A5-87F1-B4B7FEFA47FC}.Debug|Any CPU.Build.0 = Debug|Any CPU
		{6023DF02-02FA-49A5-87F1-B4B7FEFA47FC}.Release|Any CPU.ActiveCfg = Release|Any CPU
		{6023DF02-02FA-49A5-87F1-B4B7FEFA47FC}.Release|Any CPU.Build.0 = Release|Any CPU
	EndGlobalSection
	GlobalSection(SolutionProperties) = preSolution
		HideSolutionNode = FALSE
	EndGlobalSection
	GlobalSection(NestedProjects) = preSolution
		{7954012F-F3D3-4589-9D64-BCE75FB96489} = {9D0B5981-05AE-4EE8-BFF4-C81272C2006C}
		{D8AF62F4-5C21-4393-9EA0-985C11C80741} = {7954012F-F3D3-4589-9D64-BCE75FB96489}
		{08B6DA9A-E81D-4BFC-9BB0-15A8597D64B1} = {F0B00A4A-7262-4394-87A7-3176BC03146C}
		{B5C412E4-87A7-4B2E-B399-D3811435DC0C} = {9D0B5981-05AE-4EE8-BFF4-C81272C2006C}
		{1D336B05-B12F-4CE5-B378-B6F3311AEC84} = {F0B00A4A-7262-4394-87A7-3176BC03146C}
		{11946A5C-DFAE-4444-8417-7FCAE37E5EBA} = {9D0B5981-05AE-4EE8-BFF4-C81272C2006C}
		{5E38DBB4-8D55-4542-85C6-E538922CA62C} = {9D0B5981-05AE-4EE8-BFF4-C81272C2006C}
		{068ABEC3-2041-4173-867A-DF1090005A29} = {B5C412E4-87A7-4B2E-B399-D3811435DC0C}
		{FD78308A-15E9-49FB-BE64-0F6BCEBAC02A} = {9D0B5981-05AE-4EE8-BFF4-C81272C2006C}
		{33D86960-1D96-47AC-8530-BE02082A1497} = {9D0B5981-05AE-4EE8-BFF4-C81272C2006C}
		{31411028-88F0-42ED-9F47-6F869A9981B3} = {11946A5C-DFAE-4444-8417-7FCAE37E5EBA}
		{64DB2522-7850-4603-B224-8B72DABA4A76} = {5E38DBB4-8D55-4542-85C6-E538922CA62C}
		{3CAD81A5-262E-4197-9FC9-E8864DE7DB7D} = {5E38DBB4-8D55-4542-85C6-E538922CA62C}
		{81E6D089-C2A0-42DF-BCF4-8C515007E603} = {5E38DBB4-8D55-4542-85C6-E538922CA62C}
		{B4AC77F3-9BE0-45AA-AB21-C763322B1A89} = {5E38DBB4-8D55-4542-85C6-E538922CA62C}
		{62FC9F9F-596A-4736-92DC-9D1DEB365CC1} = {FD78308A-15E9-49FB-BE64-0F6BCEBAC02A}
		{EC2CEA6B-7E4B-410B-A082-224A2A2449CA} = {FD78308A-15E9-49FB-BE64-0F6BCEBAC02A}
		{B9138758-2BFD-4B97-BA6C-BDF4B8EB9DBD} = {FD78308A-15E9-49FB-BE64-0F6BCEBAC02A}
		{4D5947F7-3AB5-4E57-8503-AA43341ACD62} = {FD78308A-15E9-49FB-BE64-0F6BCEBAC02A}
		{A90F33E1-6126-4FB6-A157-F76FD63E3F05} = {B6DDF8A6-695D-4718-9065-EC6CC243C7F7}
		{3B7FE28D-00E2-4300-9718-C54255F0547E} = {9D0B5981-05AE-4EE8-BFF4-C81272C2006C}
		{9FA307F4-4705-4151-BE20-EC7CDE3FAA0C} = {33D86960-1D96-47AC-8530-BE02082A1497}
		{983CA5EA-E86B-401C-8078-79DF98CA3329} = {3B7FE28D-00E2-4300-9718-C54255F0547E}
		{8477A3B1-623C-4D7A-98FC-BBE8F3852904} = {9D0B5981-05AE-4EE8-BFF4-C81272C2006C}
		{91275065-760A-488B-B399-567A90BD25A5} = {8477A3B1-623C-4D7A-98FC-BBE8F3852904}
		{0AF66999-12DA-4B3A-91FD-A0D24E989BF9} = {8477A3B1-623C-4D7A-98FC-BBE8F3852904}
		{D10B8B8E-B79D-4D3A-ABB8-3C9B5D650D92} = {8477A3B1-623C-4D7A-98FC-BBE8F3852904}
		{4CB01417-FCB0-48C6-8F2A-82F21F0B6088} = {8477A3B1-623C-4D7A-98FC-BBE8F3852904}
		{91DCFCC3-7320-419E-BA32-504B9862158C} = {8477A3B1-623C-4D7A-98FC-BBE8F3852904}
		{6C43BE30-20DB-4607-BDAC-8CFD72F78AD1} = {9D0B5981-05AE-4EE8-BFF4-C81272C2006C}
		{396DD0D4-CD87-4EDF-90D6-43A47D831DFD} = {6C43BE30-20DB-4607-BDAC-8CFD72F78AD1}
		{143E3FB5-7995-48B5-B1C8-C367CC2CE606} = {6C43BE30-20DB-4607-BDAC-8CFD72F78AD1}
		{403023E1-3012-4FB5-8BDB-FF564420EE71} = {6C43BE30-20DB-4607-BDAC-8CFD72F78AD1}
		{7EC36927-E561-4F74-B5A8-09D5DED6571E} = {6C43BE30-20DB-4607-BDAC-8CFD72F78AD1}
		{09B15942-1050-4106-8FF4-1ADDF0AB8847} = {9D0B5981-05AE-4EE8-BFF4-C81272C2006C}
		{6023DF02-02FA-49A5-87F1-B4B7FEFA47FC} = {09B15942-1050-4106-8FF4-1ADDF0AB8847}
	EndGlobalSection
	GlobalSection(ExtensibilityGlobals) = postSolution
		SolutionGuid = {ECEFCAD3-FC88-4C40-8A20-580D8D2F5BC9}
	EndGlobalSection
EndGlobal
